
Microsoft Visual Studio Solution File, Format Version 12.00
# Visual Studio 2013
VisualStudioVersion = 12.0.40629.0
MinimumVisualStudioVersion = 10.0.40219.1
Project("{FAE04EC0-301F-11D3-BF4B-00C04F79EFBC}") = "PruebaAsync.Droid", "PruebaAsync\PruebaAsync.Droid\PruebaAsync.Droid.csproj", "{7F3CA778-B757-43F1-B5E4-640E30F0FF00}"
EndProject
Project("{FAE04EC0-301F-11D3-BF4B-00C04F79EFBC}") = "PruebaAsync.iOS", "PruebaAsync\PruebaAsync.iOS\PruebaAsync.iOS.csproj", "{9E283984-5B37-4F0B-8B60-552E5BC20AAA}"
EndProject
Project("{FAE04EC0-301F-11D3-BF4B-00C04F79EFBC}") = "PruebaAsync.WinPhone", "PruebaAsync\PruebaAsync.WinPhone\PruebaAsync.WinPhone.csproj", "{C384A59D-D8B7-437D-BA4F-E8ADACFF1F8A}"
EndProject
Project("{FAE04EC0-301F-11D3-BF4B-00C04F79EFBC}") = "PruebaAsync.Windows", "PruebaAsync\PruebaAsync.Windows\PruebaAsync.Windows.csproj", "{A101CA0A-9F7F-4B11-BE3C-CA0CD3498CB8}"
EndProject
Project("{FAE04EC0-301F-11D3-BF4B-00C04F79EFBC}") = "PruebaAsync", "PruebaAsync\PruebaAsync\PruebaAsync.csproj", "{24D7A4D2-661E-413F-88A8-B70FD82048C9}"
EndProject
Global
	GlobalSection(SolutionConfigurationPlatforms) = preSolution
		Ad-Hoc|Any CPU = Ad-Hoc|Any CPU
		Ad-Hoc|ARM = Ad-Hoc|ARM
		Ad-Hoc|iPhone = Ad-Hoc|iPhone
		Ad-Hoc|iPhoneSimulator = Ad-Hoc|iPhoneSimulator
		Ad-Hoc|Mixed Platforms = Ad-Hoc|Mixed Platforms
		Ad-Hoc|x64 = Ad-Hoc|x64
		Ad-Hoc|x86 = Ad-Hoc|x86
		AppStore|Any CPU = AppStore|Any CPU
		AppStore|ARM = AppStore|ARM
		AppStore|iPhone = AppStore|iPhone
		AppStore|iPhoneSimulator = AppStore|iPhoneSimulator
		AppStore|Mixed Platforms = AppStore|Mixed Platforms
		AppStore|x64 = AppStore|x64
		AppStore|x86 = AppStore|x86
		Debug|Any CPU = Debug|Any CPU
		Debug|ARM = Debug|ARM
		Debug|iPhone = Debug|iPhone
		Debug|iPhoneSimulator = Debug|iPhoneSimulator
		Debug|Mixed Platforms = Debug|Mixed Platforms
		Debug|x64 = Debug|x64
		Debug|x86 = Debug|x86
		Release|Any CPU = Release|Any CPU
		Release|ARM = Release|ARM
		Release|iPhone = Release|iPhone
		Release|iPhoneSimulator = Release|iPhoneSimulator
		Release|Mixed Platforms = Release|Mixed Platforms
		Release|x64 = Release|x64
		Release|x86 = Release|x86
	EndGlobalSection
	GlobalSection(ProjectConfigurationPlatforms) = postSolution
		{7F3CA778-B757-43F1-B5E4-640E30F0FF00}.Ad-Hoc|Any CPU.ActiveCfg = Release|Any CPU
		{7F3CA778-B757-43F1-B5E4-640E30F0FF00}.Ad-Hoc|Any CPU.Build.0 = Release|Any CPU
		{7F3CA778-B757-43F1-B5E4-640E30F0FF00}.Ad-Hoc|Any CPU.Deploy.0 = Release|Any CPU
		{7F3CA778-B757-43F1-B5E4-640E30F0FF00}.Ad-Hoc|ARM.ActiveCfg = Release|Any CPU
		{7F3CA778-B757-43F1-B5E4-640E30F0FF00}.Ad-Hoc|iPhone.ActiveCfg = Release|Any CPU
		{7F3CA778-B757-43F1-B5E4-640E30F0FF00}.Ad-Hoc|iPhoneSimulator.ActiveCfg = Release|Any CPU
		{7F3CA778-B757-43F1-B5E4-640E30F0FF00}.Ad-Hoc|Mixed Platforms.ActiveCfg = Release|Any CPU
		{7F3CA778-B757-43F1-B5E4-640E30F0FF00}.Ad-Hoc|Mixed Platforms.Build.0 = Release|Any CPU
		{7F3CA778-B757-43F1-B5E4-640E30F0FF00}.Ad-Hoc|Mixed Platforms.Deploy.0 = Release|Any CPU
		{7F3CA778-B757-43F1-B5E4-640E30F0FF00}.Ad-Hoc|x64.ActiveCfg = Release|Any CPU
		{7F3CA778-B757-43F1-B5E4-640E30F0FF00}.Ad-Hoc|x86.ActiveCfg = Release|Any CPU
		{7F3CA778-B757-43F1-B5E4-640E30F0FF00}.AppStore|Any CPU.ActiveCfg = Release|Any CPU
		{7F3CA778-B757-43F1-B5E4-640E30F0FF00}.AppStore|Any CPU.Build.0 = Release|Any CPU
		{7F3CA778-B757-43F1-B5E4-640E30F0FF00}.AppStore|Any CPU.Deploy.0 = Release|Any CPU
		{7F3CA778-B757-43F1-B5E4-640E30F0FF00}.AppStore|ARM.ActiveCfg = Release|Any CPU
		{7F3CA778-B757-43F1-B5E4-640E30F0FF00}.AppStore|iPhone.ActiveCfg = Release|Any CPU
		{7F3CA778-B757-43F1-B5E4-640E30F0FF00}.AppStore|iPhoneSimulator.ActiveCfg = Release|Any CPU
		{7F3CA778-B757-43F1-B5E4-640E30F0FF00}.AppStore|Mixed Platforms.ActiveCfg = Release|Any CPU
		{7F3CA778-B757-43F1-B5E4-640E30F0FF00}.AppStore|Mixed Platforms.Build.0 = Release|Any CPU
		{7F3CA778-B757-43F1-B5E4-640E30F0FF00}.AppStore|Mixed Platforms.Deploy.0 = Release|Any CPU
		{7F3CA778-B757-43F1-B5E4-640E30F0FF00}.AppStore|x64.ActiveCfg = Release|Any CPU
		{7F3CA778-B757-43F1-B5E4-640E30F0FF00}.AppStore|x86.ActiveCfg = Release|Any CPU
		{7F3CA778-B757-43F1-B5E4-640E30F0FF00}.Debug|Any CPU.ActiveCfg = Debug|Any CPU
		{7F3CA778-B757-43F1-B5E4-640E30F0FF00}.Debug|Any CPU.Build.0 = Debug|Any CPU
		{7F3CA778-B757-43F1-B5E4-640E30F0FF00}.Debug|Any CPU.Deploy.0 = Debug|Any CPU
		{7F3CA778-B757-43F1-B5E4-640E30F0FF00}.Debug|ARM.ActiveCfg = Debug|Any CPU
		{7F3CA778-B757-43F1-B5E4-640E30F0FF00}.Debug|iPhone.ActiveCfg = Debug|Any CPU
		{7F3CA778-B757-43F1-B5E4-640E30F0FF00}.Debug|iPhoneSimulator.ActiveCfg = Debug|Any CPU
		{7F3CA778-B757-43F1-B5E4-640E30F0FF00}.Debug|Mixed Platforms.ActiveCfg = Debug|Any CPU
		{7F3CA778-B757-43F1-B5E4-640E30F0FF00}.Debug|Mixed Platforms.Build.0 = Debug|Any CPU
		{7F3CA778-B757-43F1-B5E4-640E30F0FF00}.Debug|Mixed Platforms.Deploy.0 = Debug|Any CPU
		{7F3CA778-B757-43F1-B5E4-640E30F0FF00}.Debug|x64.ActiveCfg = Debug|Any CPU
		{7F3CA778-B757-43F1-B5E4-640E30F0FF00}.Debug|x86.ActiveCfg = Debug|Any CPU
		{7F3CA778-B757-43F1-B5E4-640E30F0FF00}.Release|Any CPU.ActiveCfg = Release|Any CPU
		{7F3CA778-B757-43F1-B5E4-640E30F0FF00}.Release|Any CPU.Build.0 = Release|Any CPU
		{7F3CA778-B757-43F1-B5E4-640E30F0FF00}.Release|Any CPU.Deploy.0 = Release|Any CPU
		{7F3CA778-B757-43F1-B5E4-640E30F0FF00}.Release|ARM.ActiveCfg = Release|Any CPU
		{7F3CA778-B757-43F1-B5E4-640E30F0FF00}.Release|iPhone.ActiveCfg = Release|Any CPU
		{7F3CA778-B757-43F1-B5E4-640E30F0FF00}.Release|iPhoneSimulator.ActiveCfg = Release|Any CPU
		{7F3CA778-B757-43F1-B5E4-640E30F0FF00}.Release|Mixed Platforms.ActiveCfg = Release|Any CPU
		{7F3CA778-B757-43F1-B5E4-640E30F0FF00}.Release|Mixed Platforms.Build.0 = Release|Any CPU
		{7F3CA778-B757-43F1-B5E4-640E30F0FF00}.Release|Mixed Platforms.Deploy.0 = Release|Any CPU
		{7F3CA778-B757-43F1-B5E4-640E30F0FF00}.Release|x64.ActiveCfg = Release|Any CPU
		{7F3CA778-B757-43F1-B5E4-640E30F0FF00}.Release|x86.ActiveCfg = Release|Any CPU
		{9E283984-5B37-4F0B-8B60-552E5BC20AAA}.Ad-Hoc|Any CPU.ActiveCfg = Ad-Hoc|iPhone
		{9E283984-5B37-4F0B-8B60-552E5BC20AAA}.Ad-Hoc|ARM.ActiveCfg = Ad-Hoc|iPhone
		{9E283984-5B37-4F0B-8B60-552E5BC20AAA}.Ad-Hoc|iPhone.ActiveCfg = Ad-Hoc|iPhone
		{9E283984-5B37-4F0B-8B60-552E5BC20AAA}.Ad-Hoc|iPhone.Build.0 = Ad-Hoc|iPhone
		{9E283984-5B37-4F0B-8B60-552E5BC20AAA}.Ad-Hoc|iPhoneSimulator.ActiveCfg = Ad-Hoc|iPhoneSimulator
		{9E283984-5B37-4F0B-8B60-552E5BC20AAA}.Ad-Hoc|iPhoneSimulator.Build.0 = Ad-Hoc|iPhoneSimulator
		{9E283984-5B37-4F0B-8B60-552E5BC20AAA}.Ad-Hoc|Mixed Platforms.ActiveCfg = Ad-Hoc|iPhone
		{9E283984-5B37-4F0B-8B60-552E5BC20AAA}.Ad-Hoc|Mixed Platforms.Build.0 = Ad-Hoc|iPhone
		{9E283984-5B37-4F0B-8B60-552E5BC20AAA}.Ad-Hoc|x64.ActiveCfg = Ad-Hoc|iPhone
		{9E283984-5B37-4F0B-8B60-552E5BC20AAA}.Ad-Hoc|x86.ActiveCfg = Ad-Hoc|iPhone
		{9E283984-5B37-4F0B-8B60-552E5BC20AAA}.AppStore|Any CPU.ActiveCfg = AppStore|iPhone
		{9E283984-5B37-4F0B-8B60-552E5BC20AAA}.AppStore|ARM.ActiveCfg = AppStore|iPhone
		{9E283984-5B37-4F0B-8B60-552E5BC20AAA}.AppStore|iPhone.ActiveCfg = AppStore|iPhone
		{9E283984-5B37-4F0B-8B60-552E5BC20AAA}.AppStore|iPhone.Build.0 = AppStore|iPhone
		{9E283984-5B37-4F0B-8B60-552E5BC20AAA}.AppStore|iPhoneSimulator.ActiveCfg = AppStore|iPhoneSimulator
		{9E283984-5B37-4F0B-8B60-552E5BC20AAA}.AppStore|iPhoneSimulator.Build.0 = AppStore|iPhoneSimulator
		{9E283984-5B37-4F0B-8B60-552E5BC20AAA}.AppStore|Mixed Platforms.ActiveCfg = AppStore|iPhone
		{9E283984-5B37-4F0B-8B60-552E5BC20AAA}.AppStore|Mixed Platforms.Build.0 = AppStore|iPhone
		{9E283984-5B37-4F0B-8B60-552E5BC20AAA}.AppStore|x64.ActiveCfg = AppStore|iPhone
		{9E283984-5B37-4F0B-8B60-552E5BC20AAA}.AppStore|x86.ActiveCfg = AppStore|iPhone
		{9E283984-5B37-4F0B-8B60-552E5BC20AAA}.Debug|Any CPU.ActiveCfg = Debug|iPhone
		{9E283984-5B37-4F0B-8B60-552E5BC20AAA}.Debug|ARM.ActiveCfg = Debug|iPhone
		{9E283984-5B37-4F0B-8B60-552E5BC20AAA}.Debug|iPhone.ActiveCfg = Debug|iPhone
		{9E283984-5B37-4F0B-8B60-552E5BC20AAA}.Debug|iPhone.Build.0 = Debug|iPhone
		{9E283984-5B37-4F0B-8B60-552E5BC20AAA}.Debug|iPhoneSimulator.ActiveCfg = Debug|iPhoneSimulator
		{9E283984-5B37-4F0B-8B60-552E5BC20AAA}.Debug|iPhoneSimulator.Build.0 = Debug|iPhoneSimulator
		{9E283984-5B37-4F0B-8B60-552E5BC20AAA}.Debug|Mixed Platforms.ActiveCfg = Debug|iPhone
		{9E283984-5B37-4F0B-8B60-552E5BC20AAA}.Debug|Mixed Platforms.Build.0 = Debug|iPhone
		{9E283984-5B37-4F0B-8B60-552E5BC20AAA}.Debug|x64.ActiveCfg = Debug|iPhone
		{9E283984-5B37-4F0B-8B60-552E5BC20AAA}.Debug|x86.ActiveCfg = Debug|iPhone
		{9E283984-5B37-4F0B-8B60-552E5BC20AAA}.Release|Any CPU.ActiveCfg = Release|iPhone
		{9E283984-5B37-4F0B-8B60-552E5BC20AAA}.Release|ARM.ActiveCfg = Release|iPhone
		{9E283984-5B37-4F0B-8B60-552E5BC20AAA}.Release|iPhone.ActiveCfg = Release|iPhone
		{9E283984-5B37-4F0B-8B60-552E5BC20AAA}.Release|iPhone.Build.0 = Release|iPhone
		{9E283984-5B37-4F0B-8B60-552E5BC20AAA}.Release|iPhoneSimulator.ActiveCfg = Release|iPhoneSimulator
		{9E283984-5B37-4F0B-8B60-552E5BC20AAA}.Release|iPhoneSimulator.Build.0 = Release|iPhoneSimulator
		{9E283984-5B37-4F0B-8B60-552E5BC20AAA}.Release|Mixed Platforms.ActiveCfg = Release|iPhone
		{9E283984-5B37-4F0B-8B60-552E5BC20AAA}.Release|Mixed Platforms.Build.0 = Release|iPhone
		{9E283984-5B37-4F0B-8B60-552E5BC20AAA}.Release|x64.ActiveCfg = Release|iPhone
		{9E283984-5B37-4F0B-8B60-552E5BC20AAA}.Release|x86.ActiveCfg = Release|iPhone
		{C384A59D-D8B7-437D-BA4F-E8ADACFF1F8A}.Ad-Hoc|Any CPU.ActiveCfg = Release|Any CPU
		{C384A59D-D8B7-437D-BA4F-E8ADACFF1F8A}.Ad-Hoc|Any CPU.Build.0 = Release|Any CPU
		{C384A59D-D8B7-437D-BA4F-E8ADACFF1F8A}.Ad-Hoc|Any CPU.Deploy.0 = Release|Any CPU
		{C384A59D-D8B7-437D-BA4F-E8ADACFF1F8A}.Ad-Hoc|ARM.ActiveCfg = Release|ARM
		{C384A59D-D8B7-437D-BA4F-E8ADACFF1F8A}.Ad-Hoc|ARM.Build.0 = Release|ARM
		{C384A59D-D8B7-437D-BA4F-E8ADACFF1F8A}.Ad-Hoc|ARM.Deploy.0 = Release|ARM
		{C384A59D-D8B7-437D-BA4F-E8ADACFF1F8A}.Ad-Hoc|iPhone.ActiveCfg = Release|Any CPU
		{C384A59D-D8B7-437D-BA4F-E8ADACFF1F8A}.Ad-Hoc|iPhoneSimulator.ActiveCfg = Release|Any CPU
		{C384A59D-D8B7-437D-BA4F-E8ADACFF1F8A}.Ad-Hoc|Mixed Platforms.ActiveCfg = Release|x86
		{C384A59D-D8B7-437D-BA4F-E8ADACFF1F8A}.Ad-Hoc|Mixed Platforms.Build.0 = Release|x86
		{C384A59D-D8B7-437D-BA4F-E8ADACFF1F8A}.Ad-Hoc|Mixed Platforms.Deploy.0 = Release|x86
		{C384A59D-D8B7-437D-BA4F-E8ADACFF1F8A}.Ad-Hoc|x64.ActiveCfg = Release|Any CPU
		{C384A59D-D8B7-437D-BA4F-E8ADACFF1F8A}.Ad-Hoc|x86.ActiveCfg = Release|x86
		{C384A59D-D8B7-437D-BA4F-E8ADACFF1F8A}.Ad-Hoc|x86.Build.0 = Release|x86
		{C384A59D-D8B7-437D-BA4F-E8ADACFF1F8A}.Ad-Hoc|x86.Deploy.0 = Release|x86
		{C384A59D-D8B7-437D-BA4F-E8ADACFF1F8A}.AppStore|Any CPU.ActiveCfg = Release|Any CPU
		{C384A59D-D8B7-437D-BA4F-E8ADACFF1F8A}.AppStore|Any CPU.Build.0 = Release|Any CPU
		{C384A59D-D8B7-437D-BA4F-E8ADACFF1F8A}.AppStore|Any CPU.Deploy.0 = Release|Any CPU
		{C384A59D-D8B7-437D-BA4F-E8ADACFF1F8A}.AppStore|ARM.ActiveCfg = Release|ARM
		{C384A59D-D8B7-437D-BA4F-E8ADACFF1F8A}.AppStore|ARM.Build.0 = Release|ARM
		{C384A59D-D8B7-437D-BA4F-E8ADACFF1F8A}.AppStore|ARM.Deploy.0 = Release|ARM
		{C384A59D-D8B7-437D-BA4F-E8ADACFF1F8A}.AppStore|iPhone.ActiveCfg = Release|Any CPU
		{C384A59D-D8B7-437D-BA4F-E8ADACFF1F8A}.AppStore|iPhoneSimulator.ActiveCfg = Release|Any CPU
		{C384A59D-D8B7-437D-BA4F-E8ADACFF1F8A}.AppStore|Mixed Platforms.ActiveCfg = Release|x86
		{C384A59D-D8B7-437D-BA4F-E8ADACFF1F8A}.AppStore|Mixed Platforms.Build.0 = Release|x86
		{C384A59D-D8B7-437D-BA4F-E8ADACFF1F8A}.AppStore|Mixed Platforms.Deploy.0 = Release|x86
		{C384A59D-D8B7-437D-BA4F-E8ADACFF1F8A}.AppStore|x64.ActiveCfg = Release|Any CPU
		{C384A59D-D8B7-437D-BA4F-E8ADACFF1F8A}.AppStore|x86.ActiveCfg = Release|x86
		{C384A59D-D8B7-437D-BA4F-E8ADACFF1F8A}.AppStore|x86.Build.0 = Release|x86
		{C384A59D-D8B7-437D-BA4F-E8ADACFF1F8A}.AppStore|x86.Deploy.0 = Release|x86
		{C384A59D-D8B7-437D-BA4F-E8ADACFF1F8A}.Debug|Any CPU.ActiveCfg = Debug|Any CPU
		{C384A59D-D8B7-437D-BA4F-E8ADACFF1F8A}.Debug|Any CPU.Build.0 = Debug|Any CPU
		{C384A59D-D8B7-437D-BA4F-E8ADACFF1F8A}.Debug|Any CPU.Deploy.0 = Debug|Any CPU
		{C384A59D-D8B7-437D-BA4F-E8ADACFF1F8A}.Debug|ARM.ActiveCfg = Debug|ARM
		{C384A59D-D8B7-437D-BA4F-E8ADACFF1F8A}.Debug|ARM.Build.0 = Debug|ARM
		{C384A59D-D8B7-437D-BA4F-E8ADACFF1F8A}.Debug|ARM.Deploy.0 = Debug|ARM
		{C384A59D-D8B7-437D-BA4F-E8ADACFF1F8A}.Debug|iPhone.ActiveCfg = Debug|Any CPU
		{C384A59D-D8B7-437D-BA4F-E8ADACFF1F8A}.Debug|iPhoneSimulator.ActiveCfg = Debug|Any CPU
		{C384A59D-D8B7-437D-BA4F-E8ADACFF1F8A}.Debug|Mixed Platforms.ActiveCfg = Debug|x86
		{C384A59D-D8B7-437D-BA4F-E8ADACFF1F8A}.Debug|Mixed Platforms.Build.0 = Debug|x86
		{C384A59D-D8B7-437D-BA4F-E8ADACFF1F8A}.Debug|Mixed Platforms.Deploy.0 = Debug|x86
		{C384A59D-D8B7-437D-BA4F-E8ADACFF1F8A}.Debug|x64.ActiveCfg = Debug|Any CPU
		{C384A59D-D8B7-437D-BA4F-E8ADACFF1F8A}.Debug|x86.ActiveCfg = Debug|x86
		{C384A59D-D8B7-437D-BA4F-E8ADACFF1F8A}.Debug|x86.Build.0 = Debug|x86
		{C384A59D-D8B7-437D-BA4F-E8ADACFF1F8A}.Debug|x86.Deploy.0 = Debug|x86
		{C384A59D-D8B7-437D-BA4F-E8ADACFF1F8A}.Release|Any CPU.ActiveCfg = Release|Any CPU
		{C384A59D-D8B7-437D-BA4F-E8ADACFF1F8A}.Release|Any CPU.Build.0 = Release|Any CPU
		{C384A59D-D8B7-437D-BA4F-E8ADACFF1F8A}.Release|Any CPU.Deploy.0 = Release|Any CPU
		{C384A59D-D8B7-437D-BA4F-E8ADACFF1F8A}.Release|ARM.ActiveCfg = Release|ARM
		{C384A59D-D8B7-437D-BA4F-E8ADACFF1F8A}.Release|ARM.Build.0 = Release|ARM
		{C384A59D-D8B7-437D-BA4F-E8ADACFF1F8A}.Release|ARM.Deploy.0 = Release|ARM
		{C384A59D-D8B7-437D-BA4F-E8ADACFF1F8A}.Release|iPhone.ActiveCfg = Release|Any CPU
		{C384A59D-D8B7-437D-BA4F-E8ADACFF1F8A}.Release|iPhoneSimulator.ActiveCfg = Release|Any CPU
		{C384A59D-D8B7-437D-BA4F-E8ADACFF1F8A}.Release|Mixed Platforms.ActiveCfg = Release|x86
		{C384A59D-D8B7-437D-BA4F-E8ADACFF1F8A}.Release|Mixed Platforms.Build.0 = Release|x86
		{C384A59D-D8B7-437D-BA4F-E8ADACFF1F8A}.Release|Mixed Platforms.Deploy.0 = Release|x86
		{C384A59D-D8B7-437D-BA4F-E8ADACFF1F8A}.Release|x64.ActiveCfg = Release|Any CPU
		{C384A59D-D8B7-437D-BA4F-E8ADACFF1F8A}.Release|x86.ActiveCfg = Release|x86
		{C384A59D-D8B7-437D-BA4F-E8ADACFF1F8A}.Release|x86.Build.0 = Release|x86
		{C384A59D-D8B7-437D-BA4F-E8ADACFF1F8A}.Release|x86.Deploy.0 = Release|x86
		{A101CA0A-9F7F-4B11-BE3C-CA0CD3498CB8}.Ad-Hoc|Any CPU.ActiveCfg = Release|Any CPU
		{A101CA0A-9F7F-4B11-BE3C-CA0CD3498CB8}.Ad-Hoc|Any CPU.Build.0 = Release|Any CPU
		{A101CA0A-9F7F-4B11-BE3C-CA0CD3498CB8}.Ad-Hoc|Any CPU.Deploy.0 = Release|Any CPU
		{A101CA0A-9F7F-4B11-BE3C-CA0CD3498CB8}.Ad-Hoc|ARM.ActiveCfg = Release|ARM
		{A101CA0A-9F7F-4B11-BE3C-CA0CD3498CB8}.Ad-Hoc|ARM.Build.0 = Release|ARM
		{A101CA0A-9F7F-4B11-BE3C-CA0CD3498CB8}.Ad-Hoc|ARM.Deploy.0 = Release|ARM
		{A101CA0A-9F7F-4B11-BE3C-CA0CD3498CB8}.Ad-Hoc|iPhone.ActiveCfg = Release|Any CPU
		{A101CA0A-9F7F-4B11-BE3C-CA0CD3498CB8}.Ad-Hoc|iPhoneSimulator.ActiveCfg = Release|Any CPU
		{A101CA0A-9F7F-4B11-BE3C-CA0CD3498CB8}.Ad-Hoc|Mixed Platforms.ActiveCfg = Release|x86
		{A101CA0A-9F7F-4B11-BE3C-CA0CD3498CB8}.Ad-Hoc|Mixed Platforms.Build.0 = Release|x86
		{A101CA0A-9F7F-4B11-BE3C-CA0CD3498CB8}.Ad-Hoc|Mixed Platforms.Deploy.0 = Release|x86
		{A101CA0A-9F7F-4B11-BE3C-CA0CD3498CB8}.Ad-Hoc|x64.ActiveCfg = Release|x64
		{A101CA0A-9F7F-4B11-BE3C-CA0CD3498CB8}.Ad-Hoc|x64.Build.0 = Release|x64
		{A101CA0A-9F7F-4B11-BE3C-CA0CD3498CB8}.Ad-Hoc|x64.Deploy.0 = Release|x64
		{A101CA0A-9F7F-4B11-BE3C-CA0CD3498CB8}.Ad-Hoc|x86.ActiveCfg = Release|x86
		{A101CA0A-9F7F-4B11-BE3C-CA0CD3498CB8}.Ad-Hoc|x86.Build.0 = Release|x86
		{A101CA0A-9F7F-4B11-BE3C-CA0CD3498CB8}.Ad-Hoc|x86.Deploy.0 = Release|x86
		{A101CA0A-9F7F-4B11-BE3C-CA0CD3498CB8}.AppStore|Any CPU.ActiveCfg = Release|Any CPU
		{A101CA0A-9F7F-4B11-BE3C-CA0CD3498CB8}.AppStore|Any CPU.Build.0 = Release|Any CPU
		{A101CA0A-9F7F-4B11-BE3C-CA0CD3498CB8}.AppStore|Any CPU.Deploy.0 = Release|Any CPU
		{A101CA0A-9F7F-4B11-BE3C-CA0CD3498CB8}.AppStore|ARM.ActiveCfg = Release|ARM
		{A101CA0A-9F7F-4B11-BE3C-CA0CD3498CB8}.AppStore|ARM.Build.0 = Release|ARM
		{A101CA0A-9F7F-4B11-BE3C-CA0CD3498CB8}.AppStore|ARM.Deploy.0 = Release|ARM
		{A101CA0A-9F7F-4B11-BE3C-CA0CD3498CB8}.AppStore|iPhone.ActiveCfg = Release|Any CPU
		{A101CA0A-9F7F-4B11-BE3C-CA0CD3498CB8}.AppStore|iPhoneSimulator.ActiveCfg = Release|Any CPU
		{A101CA0A-9F7F-4B11-BE3C-CA0CD3498CB8}.AppStore|Mixed Platforms.ActiveCfg = Release|x86
		{A101CA0A-9F7F-4B11-BE3C-CA0CD3498CB8}.AppStore|Mixed Platforms.Build.0 = Release|x86
		{A101CA0A-9F7F-4B11-BE3C-CA0CD3498CB8}.AppStore|Mixed Platforms.Deploy.0 = Release|x86
		{A101CA0A-9F7F-4B11-BE3C-CA0CD3498CB8}.AppStore|x64.ActiveCfg = Release|x64
		{A101CA0A-9F7F-4B11-BE3C-CA0CD3498CB8}.AppStore|x64.Build.0 = Release|x64
		{A101CA0A-9F7F-4B11-BE3C-CA0CD3498CB8}.AppStore|x64.Deploy.0 = Release|x64
		{A101CA0A-9F7F-4B11-BE3C-CA0CD3498CB8}.AppStore|x86.ActiveCfg = Release|x86
		{A101CA0A-9F7F-4B11-BE3C-CA0CD3498CB8}.AppStore|x86.Build.0 = Release|x86
		{A101CA0A-9F7F-4B11-BE3C-CA0CD3498CB8}.AppStore|x86.Deploy.0 = Release|x86
		{A101CA0A-9F7F-4B11-BE3C-CA0CD3498CB8}.Debug|Any CPU.ActiveCfg = Debug|Any CPU
		{A101CA0A-9F7F-4B11-BE3C-CA0CD3498CB8}.Debug|Any CPU.Build.0 = Debug|Any CPU
		{A101CA0A-9F7F-4B11-BE3C-CA0CD3498CB8}.Debug|Any CPU.Deploy.0 = Debug|Any CPU
		{A101CA0A-9F7F-4B11-BE3C-CA0CD3498CB8}.Debug|ARM.ActiveCfg = Debug|ARM
		{A101CA0A-9F7F-4B11-BE3C-CA0CD3498CB8}.Debug|ARM.Build.0 = Debug|ARM
		{A101CA0A-9F7F-4B11-BE3C-CA0CD3498CB8}.Debug|ARM.Deploy.0 = Debug|ARM
		{A101CA0A-9F7F-4B11-BE3C-CA0CD3498CB8}.Debug|iPhone.ActiveCfg = Debug|Any CPU
		{A101CA0A-9F7F-4B11-BE3C-CA0CD3498CB8}.Debug|iPhoneSimulator.ActiveCfg = Debug|Any CPU
		{A101CA0A-9F7F-4B11-BE3C-CA0CD3498CB8}.Debug|Mixed Platforms.ActiveCfg = Debug|x86
		{A101CA0A-9F7F-4B11-BE3C-CA0CD3498CB8}.Debug|Mixed Platforms.Build.0 = Debug|x86
		{A101CA0A-9F7F-4B11-BE3C-CA0CD3498CB8}.Debug|Mixed Platforms.Deploy.0 = Debug|x86
		{A101CA0A-9F7F-4B11-BE3C-CA0CD3498CB8}.Debug|x64.ActiveCfg = Debug|x64
		{A101CA0A-9F7F-4B11-BE3C-CA0CD3498CB8}.Debug|x64.Build.0 = Debug|x64
		{A101CA0A-9F7F-4B11-BE3C-CA0CD3498CB8}.Debug|x64.Deploy.0 = Debug|x64
		{A101CA0A-9F7F-4B11-BE3C-CA0CD3498CB8}.Debug|x86.ActiveCfg = Debug|x86
		{A101CA0A-9F7F-4B11-BE3C-CA0CD3498CB8}.Debug|x86.Build.0 = Debug|x86
		{A101CA0A-9F7F-4B11-BE3C-CA0CD3498CB8}.Debug|x86.Deploy.0 = Debug|x86
		{A101CA0A-9F7F-4B11-BE3C-CA0CD3498CB8}.Release|Any CPU.ActiveCfg = Release|Any CPU
		{A101CA0A-9F7F-4B11-BE3C-CA0CD3498CB8}.Release|Any CPU.Build.0 = Release|Any CPU
		{A101CA0A-9F7F-4B11-BE3C-CA0CD3498CB8}.Release|Any CPU.Deploy.0 = Release|Any CPU
		{A101CA0A-9F7F-4B11-BE3C-CA0CD3498CB8}.Release|ARM.ActiveCfg = Release|ARM
		{A101CA0A-9F7F-4B11-BE3C-CA0CD3498CB8}.Release|ARM.Build.0 = Release|ARM
		{A101CA0A-9F7F-4B11-BE3C-CA0CD3498CB8}.Release|ARM.Deploy.0 = Release|ARM
		{A101CA0A-9F7F-4B11-BE3C-CA0CD3498CB8}.Release|iPhone.ActiveCfg = Release|Any CPU
		{A101CA0A-9F7F-4B11-BE3C-CA0CD3498CB8}.Release|iPhoneSimulator.ActiveCfg = Release|Any CPU
		{A101CA0A-9F7F-4B11-BE3C-CA0CD3498CB8}.Release|Mixed Platforms.ActiveCfg = Release|x86
		{A101CA0A-9F7F-4B11-BE3C-CA0CD3498CB8}.Release|Mixed Platforms.Build.0 = Release|x86
		{A101CA0A-9F7F-4B11-BE3C-CA0CD3498CB8}.Release|Mixed Platforms.Deploy.0 = Release|x86
		{A101CA0A-9F7F-4B11-BE3C-CA0CD3498CB8}.Release|x64.ActiveCfg = Release|x64
		{A101CA0A-9F7F-4B11-BE3C-CA0CD3498CB8}.Release|x64.Build.0 = Release|x64
		{A101CA0A-9F7F-4B11-BE3C-CA0CD3498CB8}.Release|x64.Deploy.0 = Release|x64
		{A101CA0A-9F7F-4B11-BE3C-CA0CD3498CB8}.Release|x86.ActiveCfg = Release|x86
		{A101CA0A-9F7F-4B11-BE3C-CA0CD3498CB8}.Release|x86.Build.0 = Release|x86
		{A101CA0A-9F7F-4B11-BE3C-CA0CD3498CB8}.Release|x86.Deploy.0 = Release|x86
		{24D7A4D2-661E-413F-88A8-B70FD82048C9}.Ad-Hoc|Any CPU.ActiveCfg = Release|Any CPU
		{24D7A4D2-661E-413F-88A8-B70FD82048C9}.Ad-Hoc|Any CPU.Build.0 = Release|Any CPU
		{24D7A4D2-661E-413F-88A8-B70FD82048C9}.Ad-Hoc|ARM.ActiveCfg = Release|Any CPU
		{24D7A4D2-661E-413F-88A8-B70FD82048C9}.Ad-Hoc|iPhone.ActiveCfg = Release|Any CPU
		{24D7A4D2-661E-413F-88A8-B70FD82048C9}.Ad-Hoc|iPhone.Build.0 = Release|Any CPU
		{24D7A4D2-661E-413F-88A8-B70FD82048C9}.Ad-Hoc|iPhoneSimulator.ActiveCfg = Release|Any CPU
		{24D7A4D2-661E-413F-88A8-B70FD82048C9}.Ad-Hoc|iPhoneSimulator.Build.0 = Release|Any CPU
		{24D7A4D2-661E-413F-88A8-B70FD82048C9}.Ad-Hoc|Mixed Platforms.ActiveCfg = Release|Any CPU
		{24D7A4D2-661E-413F-88A8-B70FD82048C9}.Ad-Hoc|Mixed Platforms.Build.0 = Release|Any CPU
		{24D7A4D2-661E-413F-88A8-B70FD82048C9}.Ad-Hoc|x64.ActiveCfg = Release|Any CPU
		{24D7A4D2-661E-413F-88A8-B70FD82048C9}.Ad-Hoc|x86.ActiveCfg = Release|Any CPU
		{24D7A4D2-661E-413F-88A8-B70FD82048C9}.AppStore|Any CPU.ActiveCfg = Release|Any CPU
		{24D7A4D2-661E-413F-88A8-B70FD82048C9}.AppStore|Any CPU.Build.0 = Release|Any CPU
		{24D7A4D2-661E-413F-88A8-B70FD82048C9}.AppStore|ARM.ActiveCfg = Release|Any CPU
		{24D7A4D2-661E-413F-88A8-B70FD82048C9}.AppStore|iPhone.ActiveCfg = Release|Any CPU
		{24D7A4D2-661E-413F-88A8-B70FD82048C9}.AppStore|iPhone.Build.0 = Release|Any CPU
		{24D7A4D2-661E-413F-88A8-B70FD82048C9}.AppStore|iPhoneSimulator.ActiveCfg = Release|Any CPU
		{24D7A4D2-661E-413F-88A8-B70FD82048C9}.AppStore|iPhoneSimulator.Build.0 = Release|Any CPU
		{24D7A4D2-661E-413F-88A8-B70FD82048C9}.AppStore|Mixed Platforms.ActiveCfg = Release|Any CPU
		{24D7A4D2-661E-413F-88A8-B70FD82048C9}.AppStore|Mixed Platforms.Build.0 = Release|Any CPU
		{24D7A4D2-661E-413F-88A8-B70FD82048C9}.AppStore|x64.ActiveCfg = Release|Any CPU
		{24D7A4D2-661E-413F-88A8-B70FD82048C9}.AppStore|x86.ActiveCfg = Release|Any CPU
		{24D7A4D2-661E-413F-88A8-B70FD82048C9}.Debug|Any CPU.ActiveCfg = Debug|Any CPU
		{24D7A4D2-661E-413F-88A8-B70FD82048C9}.Debug|Any CPU.Build.0 = Debug|Any CPU
		{24D7A4D2-661E-413F-88A8-B70FD82048C9}.Debug|ARM.ActiveCfg = Debug|Any CPU
		{24D7A4D2-661E-413F-88A8-B70FD82048C9}.Debug|iPhone.ActiveCfg = Debug|Any CPU
		{24D7A4D2-661E-413F-88A8-B70FD82048C9}.Debug|iPhone.Build.0 = Debug|Any CPU
		{24D7A4D2-661E-413F-88A8-B70FD82048C9}.Debug|iPhoneSimulator.ActiveCfg = Debug|Any CPU
		{24D7A4D2-661E-413F-88A8-B70FD82048C9}.Debug|iPhoneSimulator.Build.0 = Debug|Any CPU
		{24D7A4D2-661E-413F-88A8-B70FD82048C9}.Debug|Mixed Platforms.ActiveCfg = Debug|Any CPU
		{24D7A4D2-661E-413F-88A8-B70FD82048C9}.Debug|Mixed Platforms.Build.0 = Debug|Any CPU
		{24D7A4D2-661E-413F-88A8-B70FD82048C9}.Debug|x64.ActiveCfg = Debug|Any CPU
		{24D7A4D2-661E-413F-88A8-B70FD82048C9}.Debug|x86.ActiveCfg = Debug|Any CPU
		{24D7A4D2-661E-413F-88A8-B70FD82048C9}.Release|Any CPU.ActiveCfg = Release|Any CPU
		{24D7A4D2-661E-413F-88A8-B70FD82048C9}.Release|Any CPU.Build.0 = Release|Any CPU
		{24D7A4D2-661E-413F-88A8-B70FD82048C9}.Release|ARM.ActiveCfg = Release|Any CPU
		{24D7A4D2-661E-413F-88A8-B70FD82048C9}.Release|iPhone.ActiveCfg = Release|Any CPU
		{24D7A4D2-661E-413F-88A8-B70FD82048C9}.Release|iPhone.Build.0 = Release|Any CPU
		{24D7A4D2-661E-413F-88A8-B70FD82048C9}.Release|iPhoneSimulator.ActiveCfg = Release|Any CPU
		{24D7A4D2-661E-413F-88A8-B70FD82048C9}.Release|iPhoneSimulator.Build.0 = Release|Any CPU
		{24D7A4D2-661E-413F-88A8-B70FD82048C9}.Release|Mixed Platforms.ActiveCfg = Release|Any CPU
		{24D7A4D2-661E-413F-88A8-B70FD82048C9}.Release|Mixed Platforms.Build.0 = Release|Any CPU
		{24D7A4D2-661E-413F-88A8-B70FD82048C9}.Release|x64.ActiveCfg = Release|Any CPU
		{24D7A4D2-661E-413F-88A8-B70FD82048C9}.Release|x86.ActiveCfg = Release|Any CPU
	EndGlobalSection
	GlobalSection(SolutionProperties) = preSolution
		HideSolutionNode = FALSE
	EndGlobalSection
EndGlobal
